
Microsoft Visual Studio Solution File, Format Version 12.00
# Visual Studio Version 17
VisualStudioVersion = 17.5.002.0
MinimumVisualStudioVersion = 10.0.40219.1
Project("{9A19103F-16F7-4668-BE54-9A1E7A4F7556}") = "Moviz", "Moviz\Moviz.csproj", "{ADA63C41-F1EC-4CCC-9EBF-82CA243B0D1F}"
EndProject
Global
	GlobalSection(SolutionConfigurationPlatforms) = preSolution
		Debug|Any CPU = Debug|Any CPU
		Release|Any CPU = Release|Any CPU
	EndGlobalSection
	GlobalSection(ProjectConfigurationPlatforms) = postSolution
		{ADA63C41-F1EC-4CCC-9EBF-82CA243B0D1F}.Debug|Any CPU.ActiveCfg = Debug|Any CPU
		{ADA63C41-F1EC-4CCC-9EBF-82CA243B0D1F}.Debug|Any CPU.Build.0 = Debug|Any CPU
		{ADA63C41-F1EC-4CCC-9EBF-82CA243B0D1F}.Release|Any CPU.ActiveCfg = Release|Any CPU
		{ADA63C41-F1EC-4CCC-9EBF-82CA243B0D1F}.Release|Any CPU.Build.0 = Release|Any CPU
	EndGlobalSection
	GlobalSection(SolutionProperties) = preSolution
		HideSolutionNode = FALSE
	EndGlobalSection
	GlobalSection(ExtensibilityGlobals) = postSolution
		SolutionGuid = {1F7A376A-AE5A-4951-BF3B-DCD58FE631A8}
	EndGlobalSection
EndGlobal
